
Microsoft Visual Studio Solution File, Format Version 12.00
# Visual Studio Version 16
VisualStudioVersion = 16.0.28803.202
MinimumVisualStudioVersion = 10.0.40219.1
Project("{F2A71F9B-5D33-465A-A702-920D77279786}") = "Elmish", "Elmish\Elmish.fsproj", "{8E8E25EC-AA50-457B-92DA-8D79EA464788}"
EndProject
Project("{F2A71F9B-5D33-465A-A702-920D77279786}") = "Xelmish", "Xelmish\Xelmish.fsproj", "{E615AD40-3056-441F-A5A1-7304A1DB2188}"
EndProject
Project("{F2A71F9B-5D33-465A-A702-920D77279786}") = "Model", "Model\Model.fsproj", "{B6C1F0FF-2144-4FFD-9D94-98E01CB241A3}"
EndProject
Project("{F2A71F9B-5D33-465A-A702-920D77279786}") = "GameCore", "TestGame\GameCore.fsproj", "{86E0A4C3-0FA3-429E-85D1-AABBC2DC3CF7}"
EndProject
Project("{FAE04EC0-301F-11D3-BF4B-00C04F79EFBC}") = "AdditionalGameLogic", "AdditionalGameLogic\AdditionalGameLogic.csproj", "{761FFE48-3DA1-4A01-9EBE-43E074BEEC32}"
EndProject
Global
	GlobalSection(SolutionConfigurationPlatforms) = preSolution
		Debug|Any CPU = Debug|Any CPU
		Release|Any CPU = Release|Any CPU
	EndGlobalSection
	GlobalSection(ProjectConfigurationPlatforms) = postSolution
		{8E8E25EC-AA50-457B-92DA-8D79EA464788}.Debug|Any CPU.ActiveCfg = Debug|Any CPU
		{8E8E25EC-AA50-457B-92DA-8D79EA464788}.Debug|Any CPU.Build.0 = Debug|Any CPU
		{8E8E25EC-AA50-457B-92DA-8D79EA464788}.Release|Any CPU.ActiveCfg = Release|Any CPU
		{8E8E25EC-AA50-457B-92DA-8D79EA464788}.Release|Any CPU.Build.0 = Release|Any CPU
		{E615AD40-3056-441F-A5A1-7304A1DB2188}.Debug|Any CPU.ActiveCfg = Debug|Any CPU
		{E615AD40-3056-441F-A5A1-7304A1DB2188}.Debug|Any CPU.Build.0 = Debug|Any CPU
		{E615AD40-3056-441F-A5A1-7304A1DB2188}.Release|Any CPU.ActiveCfg = Release|Any CPU
		{E615AD40-3056-441F-A5A1-7304A1DB2188}.Release|Any CPU.Build.0 = Release|Any CPU
		{B6C1F0FF-2144-4FFD-9D94-98E01CB241A3}.Debug|Any CPU.ActiveCfg = Debug|Any CPU
		{B6C1F0FF-2144-4FFD-9D94-98E01CB241A3}.Debug|Any CPU.Build.0 = Debug|Any CPU
		{B6C1F0FF-2144-4FFD-9D94-98E01CB241A3}.Release|Any CPU.ActiveCfg = Release|Any CPU
		{B6C1F0FF-2144-4FFD-9D94-98E01CB241A3}.Release|Any CPU.Build.0 = Release|Any CPU
		{86E0A4C3-0FA3-429E-85D1-AABBC2DC3CF7}.Debug|Any CPU.ActiveCfg = Debug|Any CPU
		{86E0A4C3-0FA3-429E-85D1-AABBC2DC3CF7}.Debug|Any CPU.Build.0 = Debug|Any CPU
		{86E0A4C3-0FA3-429E-85D1-AABBC2DC3CF7}.Release|Any CPU.ActiveCfg = Release|Any CPU
		{86E0A4C3-0FA3-429E-85D1-AABBC2DC3CF7}.Release|Any CPU.Build.0 = Release|Any CPU
		{761FFE48-3DA1-4A01-9EBE-43E074BEEC32}.Debug|Any CPU.ActiveCfg = Debug|Any CPU
		{761FFE48-3DA1-4A01-9EBE-43E074BEEC32}.Debug|Any CPU.Build.0 = Debug|Any CPU
		{761FFE48-3DA1-4A01-9EBE-43E074BEEC32}.Release|Any CPU.ActiveCfg = Release|Any CPU
		{761FFE48-3DA1-4A01-9EBE-43E074BEEC32}.Release|Any CPU.Build.0 = Release|Any CPU
	EndGlobalSection
	GlobalSection(SolutionProperties) = preSolution
		HideSolutionNode = FALSE
	EndGlobalSection
	GlobalSection(ExtensibilityGlobals) = postSolution
		SolutionGuid = {D9DC2723-5863-49EE-BCF9-995D2F2ECBEC}
	EndGlobalSection
EndGlobal
